
Microsoft Visual Studio Solution File, Format Version 12.00
# Visual Studio Version 17
VisualStudioVersion = 17.3.32825.248
MinimumVisualStudioVersion = 10.0.40219.1
Project("{FAE04EC0-301F-11D3-BF4B-00C04F79EFBC}") = "TodoApi", "TodoApi\TodoApi.csproj", "{5582DE6A-1AAA-4BB7-8A9A-FA8C7F6587FF}"
EndProject
Global
	GlobalSection(SolutionConfigurationPlatforms) = preSolution
		Debug|Any CPU = Debug|Any CPU
		Release|Any CPU = Release|Any CPU
	EndGlobalSection
	GlobalSection(ProjectConfigurationPlatforms) = postSolution
		{5582DE6A-1AAA-4BB7-8A9A-FA8C7F6587FF}.Debug|Any CPU.ActiveCfg = Debug|Any CPU
		{5582DE6A-1AAA-4BB7-8A9A-FA8C7F6587FF}.Debug|Any CPU.Build.0 = Debug|Any CPU
		{5582DE6A-1AAA-4BB7-8A9A-FA8C7F6587FF}.Release|Any CPU.ActiveCfg = Release|Any CPU
		{5582DE6A-1AAA-4BB7-8A9A-FA8C7F6587FF}.Release|Any CPU.Build.0 = Release|Any CPU
	EndGlobalSection
	GlobalSection(SolutionProperties) = preSolution
		HideSolutionNode = FALSE
	EndGlobalSection
	GlobalSection(ExtensibilityGlobals) = postSolution
		SolutionGuid = {DA3FE624-755A-4336-8C7C-B042C81C15A3}
	EndGlobalSection
EndGlobal
